
Microsoft Visual Studio Solution File, Format Version 12.00
# Visual Studio Version 16
VisualStudioVersion = 16.0.30413.136
MinimumVisualStudioVersion = 10.0.40219.1
Project("{FAE04EC0-301F-11D3-BF4B-00C04F79EFBC}") = "Bot", "Bot\Bot.csproj", "{605A33BC-F37E-49CE-AA53-793986547684}"
EndProject
Global
	GlobalSection(SolutionConfigurationPlatforms) = preSolution
		Debug|Any CPU = Debug|Any CPU
		Release|Any CPU = Release|Any CPU
	EndGlobalSection
	GlobalSection(ProjectConfigurationPlatforms) = postSolution
		{605A33BC-F37E-49CE-AA53-793986547684}.Debug|Any CPU.ActiveCfg = Debug|Any CPU
		{605A33BC-F37E-49CE-AA53-793986547684}.Debug|Any CPU.Build.0 = Debug|Any CPU
		{605A33BC-F37E-49CE-AA53-793986547684}.Release|Any CPU.ActiveCfg = Release|Any CPU
		{605A33BC-F37E-49CE-AA53-793986547684}.Release|Any CPU.Build.0 = Release|Any CPU
	EndGlobalSection
	GlobalSection(SolutionProperties) = preSolution
		HideSolutionNode = FALSE
	EndGlobalSection
	GlobalSection(ExtensibilityGlobals) = postSolution
		SolutionGuid = {D17C88D6-098F-4E99-B675-82D89386A6CE}
	EndGlobalSection
EndGlobal
